Microsoft Visual Studio Solution File, Format Version 12.00
# Visual Studio 15
VisualStudioVersion = 15.0.26403.7
MinimumVisualStudioVersion = 10.0.40219.1
Project("{FAE04EC0-301F-11D3-BF4B-00C04F79EFBC}") = "X.DocumentExtractService", "X.DocumentExtractService\X.DocumentExtractService.csproj", "{D3983497-82B3-462F-895E-F59027855B74}"
EndProject
Project("{2150E333-8FDC-42A3-9474-1A3956D46DE8}") = "DocumentExtractService", "DocumentExtractService", "{CE003084-68E2-4385-9288-C91920508B23}"
EndProject
Project("{2150E333-8FDC-42A3-9474-1A3956D46DE8}") = "ResumeParseService", "ResumeParseService", "{F9DE4B33-290A-4243-8C00-831F4999EA4C}"
EndProject
Project("{FAE04EC0-301F-11D3-BF4B-00C04F79EFBC}") = "X.ResumeParseService", "X.ResumeParseService\X.ResumeParseService.csproj", "{F0D8DF59-B6B3-4AAA-A59E-07D88806F0EB}"
EndProject
Project("{FAE04EC0-301F-11D3-BF4B-00C04F79EFBC}") = "X.ResumeParseService.Contract", "X.ResumeParseService.Contract\X.ResumeParseService.Contract.csproj", "{6630A376-F564-42B5-A094-B72760212B6F}"
EndProject
Project("{FAE04EC0-301F-11D3-BF4B-00C04F79EFBC}") = "UI", "UI\UI.csproj", "{BE624727-C7CA-4D89-9AF0-4EB90BA4142D}"
EndProject
Project("{FAE04EC0-301F-11D3-BF4B-00C04F79EFBC}") = "X.ResumeParseService.Scanner", "X.ResumeParseService.Scanner\X.ResumeParseService.Scanner.csproj", "{3429804C-C345-4CD9-A3E2-3610BA9DFBA1}"
EndProject
Project("{FAE04EC0-301F-11D3-BF4B-00C04F79EFBC}") = "Setup", "Setup\Setup.csproj", "{73B1146A-574A-45CC-A35A-6130944981AD}"
EndProject
Project("{FAE04EC0-301F-11D3-BF4B-00C04F79EFBC}") = "X.ResumeParseService.Host", "X.ResumeParseService.Host\X.ResumeParseService.Host.csproj", "{BB2E8D17-A6C9-4162-9B45-A93B2C5AD87D}"
EndProject
Project("{FAE04EC0-301F-11D3-BF4B-00C04F79EFBC}") = "X.DocumentExtractService.Contract", "X.DocumentExtractService.Contract\X.DocumentExtractService.Contract.csproj", "{766FD3E3-2BDF-4DB8-AD9C-DF4F92C48A48}"
EndProject
Project("{FAE04EC0-301F-11D3-BF4B-00C04F79EFBC}") = "Microsoft.Ccr.Core", "Microsoft.Ccr.Core\Microsoft.Ccr.Core.csproj", "{C70FB0DB-147E-44D6-9390-D6C71C02A9AE}"
EndProject
Project("{FAE04EC0-301F-11D3-BF4B-00C04F79EFBC}") = "Dorado", "Dorado\Dorado.csproj", "{4CF556A4-45FB-46CE-A6BB-E9E7DC8F93CE}"
EndProject
Project("{2150E333-8FDC-42A3-9474-1A3956D46DE8}") = "Core", "Core", "{D928A88A-7392-4FC1-ADC6-A232404DC7CB}"
EndProject
Project("{FAE04EC0-301F-11D3-BF4B-00C04F79EFBC}") = "X.ResumeParseService.Host.Topshelf", "X.ResumeParseService.Host.Topshelf\X.ResumeParseService.Host.Topshelf.csproj", "{2B12D94D-DF7E-4D79-980F-284C2F4F4FD9}"
EndProject
Global
	GlobalSection(SolutionConfigurationPlatforms) = preSolution
		Debug|Any CPU = Debug|Any CPU
		Release|Any CPU = Release|Any CPU
	EndGlobalSection
	GlobalSection(ProjectConfigurationPlatforms) = postSolution
		{D3983497-82B3-462F-895E-F59027855B74}.Debug|Any CPU.ActiveCfg = Debug|Any CPU
		{D3983497-82B3-462F-895E-F59027855B74}.Debug|Any CPU.Build.0 = Debug|Any CPU
		{D3983497-82B3-462F-895E-F59027855B74}.Release|Any CPU.ActiveCfg = Release|Any CPU
		{D3983497-82B3-462F-895E-F59027855B74}.Release|Any CPU.Build.0 = Release|Any CPU
		{F0D8DF59-B6B3-4AAA-A59E-07D88806F0EB}.Debug|Any CPU.ActiveCfg = Debug|Any CPU
		{F0D8DF59-B6B3-4AAA-A59E-07D88806F0EB}.Debug|Any CPU.Build.0 = Debug|Any CPU
		{F0D8DF59-B6B3-4AAA-A59E-07D88806F0EB}.Release|Any CPU.ActiveCfg = Release|Any CPU
		{F0D8DF59-B6B3-4AAA-A59E-07D88806F0EB}.Release|Any CPU.Build.0 = Release|Any CPU
		{6630A376-F564-42B5-A094-B72760212B6F}.Debug|Any CPU.ActiveCfg = Debug|Any CPU
		{6630A376-F564-42B5-A094-B72760212B6F}.Debug|Any CPU.Build.0 = Debug|Any CPU
		{6630A376-F564-42B5-A094-B72760212B6F}.Release|Any CPU.ActiveCfg = Release|Any CPU
		{6630A376-F564-42B5-A094-B72760212B6F}.Release|Any CPU.Build.0 = Release|Any CPU
		{BE624727-C7CA-4D89-9AF0-4EB90BA4142D}.Debug|Any CPU.ActiveCfg = Debug|Any CPU
		{BE624727-C7CA-4D89-9AF0-4EB90BA4142D}.Debug|Any CPU.Build.0 = Debug|Any CPU
		{BE624727-C7CA-4D89-9AF0-4EB90BA4142D}.Release|Any CPU.ActiveCfg = Release|Any CPU
		{BE624727-C7CA-4D89-9AF0-4EB90BA4142D}.Release|Any CPU.Build.0 = Release|Any CPU
		{3429804C-C345-4CD9-A3E2-3610BA9DFBA1}.Debug|Any CPU.ActiveCfg = Debug|Any CPU
		{3429804C-C345-4CD9-A3E2-3610BA9DFBA1}.Debug|Any CPU.Build.0 = Debug|Any CPU
		{3429804C-C345-4CD9-A3E2-3610BA9DFBA1}.Release|Any CPU.ActiveCfg = Release|Any CPU
		{3429804C-C345-4CD9-A3E2-3610BA9DFBA1}.Release|Any CPU.Build.0 = Release|Any CPU
		{73B1146A-574A-45CC-A35A-6130944981AD}.Debug|Any CPU.ActiveCfg = Debug|Any CPU
		{73B1146A-574A-45CC-A35A-6130944981AD}.Debug|Any CPU.Build.0 = Debug|Any CPU
		{73B1146A-574A-45CC-A35A-6130944981AD}.Release|Any CPU.ActiveCfg = Release|Any CPU
		{73B1146A-574A-45CC-A35A-6130944981AD}.Release|Any CPU.Build.0 = Release|Any CPU
		{BB2E8D17-A6C9-4162-9B45-A93B2C5AD87D}.Debug|Any CPU.ActiveCfg = Debug|Any CPU
		{BB2E8D17-A6C9-4162-9B45-A93B2C5AD87D}.Debug|Any CPU.Build.0 = Debug|Any CPU
		{BB2E8D17-A6C9-4162-9B45-A93B2C5AD87D}.Release|Any CPU.ActiveCfg = Release|Any CPU
		{BB2E8D17-A6C9-4162-9B45-A93B2C5AD87D}.Release|Any CPU.Build.0 = Release|Any CPU
		{766FD3E3-2BDF-4DB8-AD9C-DF4F92C48A48}.Debug|Any CPU.ActiveCfg = Debug|Any CPU
		{766FD3E3-2BDF-4DB8-AD9C-DF4F92C48A48}.Debug|Any CPU.Build.0 = Debug|Any CPU
		{766FD3E3-2BDF-4DB8-AD9C-DF4F92C48A48}.Release|Any CPU.ActiveCfg = Release|Any CPU
		{766FD3E3-2BDF-4DB8-AD9C-DF4F92C48A48}.Release|Any CPU.Build.0 = Release|Any CPU
		{C70FB0DB-147E-44D6-9390-D6C71C02A9AE}.Debug|Any CPU.ActiveCfg = Debug|Any CPU
		{C70FB0DB-147E-44D6-9390-D6C71C02A9AE}.Debug|Any CPU.Build.0 = Debug|Any CPU
		{C70FB0DB-147E-44D6-9390-D6C71C02A9AE}.Release|Any CPU.ActiveCfg = Release|Any CPU
		{C70FB0DB-147E-44D6-9390-D6C71C02A9AE}.Release|Any CPU.Build.0 = Release|Any CPU
		{4CF556A4-45FB-46CE-A6BB-E9E7DC8F93CE}.Debug|Any CPU.ActiveCfg = Debug|Any CPU
		{4CF556A4-45FB-46CE-A6BB-E9E7DC8F93CE}.Debug|Any CPU.Build.0 = Debug|Any CPU
		{4CF556A4-45FB-46CE-A6BB-E9E7DC8F93CE}.Release|Any CPU.ActiveCfg = Release|Any CPU
		{4CF556A4-45FB-46CE-A6BB-E9E7DC8F93CE}.Release|Any CPU.Build.0 = Release|Any CPU
		{2B12D94D-DF7E-4D79-980F-284C2F4F4FD9}.Debug|Any CPU.ActiveCfg = Debug|Any CPU
		{2B12D94D-DF7E-4D79-980F-284C2F4F4FD9}.Debug|Any CPU.Build.0 = Debug|Any CPU
		{2B12D94D-DF7E-4D79-980F-284C2F4F4FD9}.Release|Any CPU.ActiveCfg = Release|Any CPU
		{2B12D94D-DF7E-4D79-980F-284C2F4F4FD9}.Release|Any CPU.Build.0 = Release|Any CPU
	EndGlobalSection
	GlobalSection(SolutionProperties) = preSolution
		HideSolutionNode = FALSE
	EndGlobalSection
	GlobalSection(NestedProjects) = preSolution
		{D3983497-82B3-462F-895E-F59027855B74} = {CE003084-68E2-4385-9288-C91920508B23}
		{F0D8DF59-B6B3-4AAA-A59E-07D88806F0EB} = {F9DE4B33-290A-4243-8C00-831F4999EA4C}
		{6630A376-F564-42B5-A094-B72760212B6F} = {F9DE4B33-290A-4243-8C00-831F4999EA4C}
		{3429804C-C345-4CD9-A3E2-3610BA9DFBA1} = {F9DE4B33-290A-4243-8C00-831F4999EA4C}
		{BB2E8D17-A6C9-4162-9B45-A93B2C5AD87D} = {F9DE4B33-290A-4243-8C00-831F4999EA4C}
		{766FD3E3-2BDF-4DB8-AD9C-DF4F92C48A48} = {CE003084-68E2-4385-9288-C91920508B23}
		{C70FB0DB-147E-44D6-9390-D6C71C02A9AE} = {D928A88A-7392-4FC1-ADC6-A232404DC7CB}
		{4CF556A4-45FB-46CE-A6BB-E9E7DC8F93CE} = {D928A88A-7392-4FC1-ADC6-A232404DC7CB}
		{2B12D94D-DF7E-4D79-980F-284C2F4F4FD9} = {F9DE4B33-290A-4243-8C00-831F4999EA4C}
	EndGlobalSection
EndGlobal
