
Microsoft Visual Studio Solution File, Format Version 11.00
# Visual Studio 2010
# SharpDevelop 5.1
Project("{FAE04EC0-301F-11D3-BF4B-00C04F79EFBC}") = "Microsoft.Ccr.Core", "Microsoft.Ccr.Core.csproj", "{C70FB0DB-147E-44D6-9390-D6C71C02A9AE}"
EndProject
Global
	GlobalSection(SolutionConfigurationPlatforms) = preSolution
		Debug|Any CPU = Debug|Any CPU
		Release|Any CPU = Release|Any CPU
	EndGlobalSection
	GlobalSection(ProjectConfigurationPlatforms) = postSolution
		{C70FB0DB-147E-44D6-9390-D6C71C02A9AE}.Debug|Any CPU.ActiveCfg = Debug|Any CPU
		{C70FB0DB-147E-44D6-9390-D6C71C02A9AE}.Debug|Any CPU.Build.0 = Debug|Any CPU
		{C70FB0DB-147E-44D6-9390-D6C71C02A9AE}.Release|Any CPU.ActiveCfg = Release|Any CPU
		{C70FB0DB-147E-44D6-9390-D6C71C02A9AE}.Release|Any CPU.Build.0 = Release|Any CPU
	EndGlobalSection
EndGlobal
